Microsoft Visual Studio Solution File, Format Version 12.00
# Visual Studio Version 17
VisualStudioVersion = 17.12.35527.113
MinimumVisualStudioVersion = 10.0.40219.1
Project("{FAE04EC0-301F-11D3-BF4B-00C04F79EFBC}") = "AssetCove.AppHost", "AssetCove.AppHost\AssetCove.AppHost.csproj", "{7E5BBB99-8D34-41FA-BFBE-E0A005B7C600}"
EndProject
Project("{FAE04EC0-301F-11D3-BF4B-00C04F79EFBC}") = "AssetCove.Api", "AssetCove.Api\AssetCove.Api.csproj", "{E0FDBD0B-AD9F-4CC0-93EC-CB8893D598E5}"
EndProject
Project("{FAE04EC0-301F-11D3-BF4B-00C04F79EFBC}") = "AssetCove.Contracts", "AssetCove.Contracts\AssetCove.Contracts.csproj", "{8399A0A9-5D33-4F83-BD3C-AFF88FB96CB1}"
EndProject
Project("{FAE04EC0-301F-11D3-BF4B-00C04F79EFBC}") = "AssetCove.Domain", "AssetCove.Domain\AssetCove.Domain.csproj", "{0F6BAB98-D18F-4EDE-A1F0-1989039865C7}"
EndProject
Global
	GlobalSection(SolutionConfigurationPlatforms) = preSolution
		Debug|Any CPU = Debug|Any CPU
		Release|Any CPU = Release|Any CPU
	EndGlobalSection
	GlobalSection(ProjectConfigurationPlatforms) = postSolution
		{7E5BBB99-8D34-41FA-BFBE-E0A005B7C600}.Debug|Any CPU.ActiveCfg = Debug|Any CPU
		{7E5BBB99-8D34-41FA-BFBE-E0A005B7C600}.Debug|Any CPU.Build.0 = Debug|Any CPU
		{7E5BBB99-8D34-41FA-BFBE-E0A005B7C600}.Release|Any CPU.ActiveCfg = Release|Any CPU
		{7E5BBB99-8D34-41FA-BFBE-E0A005B7C600}.Release|Any CPU.Build.0 = Release|Any CPU
		{E0FDBD0B-AD9F-4CC0-93EC-CB8893D598E5}.Debug|Any CPU.ActiveCfg = Debug|Any CPU
		{E0FDBD0B-AD9F-4CC0-93EC-CB8893D598E5}.Debug|Any CPU.Build.0 = Debug|Any CPU
		{E0FDBD0B-AD9F-4CC0-93EC-CB8893D598E5}.Release|Any CPU.ActiveCfg = Release|Any CPU
		{E0FDBD0B-AD9F-4CC0-93EC-CB8893D598E5}.Release|Any CPU.Build.0 = Release|Any CPU
		{8399A0A9-5D33-4F83-BD3C-AFF88FB96CB1}.Debug|Any CPU.ActiveCfg = Debug|Any CPU
		{8399A0A9-5D33-4F83-BD3C-AFF88FB96CB1}.Debug|Any CPU.Build.0 = Debug|Any CPU
		{8399A0A9-5D33-4F83-BD3C-AFF88FB96CB1}.Release|Any CPU.ActiveCfg = Release|Any CPU
		{8399A0A9-5D33-4F83-BD3C-AFF88FB96CB1}.Release|Any CPU.Build.0 = Release|Any CPU
		{0F6BAB98-D18F-4EDE-A1F0-1989039865C7}.Debug|Any CPU.ActiveCfg = Debug|Any CPU
		{0F6BAB98-D18F-4EDE-A1F0-1989039865C7}.Debug|Any CPU.Build.0 = Debug|Any CPU
		{0F6BAB98-D18F-4EDE-A1F0-1989039865C7}.Release|Any CPU.ActiveCfg = Release|Any CPU
		{0F6BAB98-D18F-4EDE-A1F0-1989039865C7}.Release|Any CPU.Build.0 = Release|Any CPU
	EndGlobalSection
	GlobalSection(SolutionProperties) = preSolution
		HideSolutionNode = FALSE
	EndGlobalSection
EndGlobal
